<?xml version="1.0" encoding="utf-8"?>
<Project ToolsVersion="4.0" xmlns="http://schemas.microsoft.com/developer/msbuild/2003">
  <ItemGroup>
    <Filter Include="Source Files">
      <UniqueIdentifier>{4FC737F1-C7A5-4376-A066-2A32D752A2FF}</UniqueIdentifier>
      <Extensions>cpp;c;cc;cxx;c++;cppm;ixx;def;odl;idl;hpj;bat;asm;asmx</Extensions>
    </Filter>
    <Filter Include="Header Files">
      <UniqueIdentifier>{93995380-89BD-4b04-88EB-625FBE52EBFB}</UniqueIdentifier>
      <Extensions>h;hh;hpp;hxx;h++;hm;inl;inc;ipp;xsd</Extensions>
    </Filter>
    <Filter Include="Resource Files">
      <UniqueIdentifier>{67DA6AB6-F800-4c08-8B7A-83BB121AAD01}</UniqueIdentifier>
      <Extensions>rc;ico;cur;bmp;dlg;rc2;rct;bin;rgs;gif;jpg;jpeg;jpe;resx;tiff;tif;png;wav;mfcribbon-ms</Extensions>
    </Filter>
  </ItemGroup>
  <ItemGroup>
    <ClInclude Include="Action.h">
      <Filter>Header Files</Filter>
    </ClInclude>
    <ClInclude Include="Area.h">
      <Filter>Header Files</Filter>
    </ClInclude>
    <ClInclude Include="BattleBoosts.h">
      <Filter>Header Files</Filter>
    </ClInclude>
    <ClInclude Include="Boost.h">
      <Filter>Header Files</Filter>
    </ClInclude>
    <ClInclude Include="DoublyList.h">
      <Filter>Header Files</Filter>
    </ClInclude>
    <ClInclude Include="DoublyNode.h">
      <Filter>Header Files</Filter>
    </ClInclude>
    <ClInclude Include="Dragon.h">
      <Filter>Header Files</Filter>
    </ClInclude>
    <ClInclude Include="Entails.h">
      <Filter>Header Files</Filter>
    </ClInclude>
    <ClInclude Include="Impact.h">
      <Filter>Header Files</Filter>
    </ClInclude>
    <ClInclude Include="Itr.h">
      <Filter>Header Files</Filter>
    </ClInclude>
    <ClInclude Include="Keys.h">
      <Filter>Header Files</Filter>
    </ClInclude>
    <ClInclude Include="Object.h">
      <Filter>Header Files</Filter>
    </ClInclude>
    <ClInclude Include="QueueInTree.h">
      <Filter>Header Files</Filter>
    </ClInclude>
    <ClInclude Include="SinglyList.h">
      <Filter>Header Files</Filter>
    </ClInclude>
    <ClInclude Include="SinglyNode.h">
      <Filter>Header Files</Filter>
    </ClInclude>
    <ClInclude Include="skillsMap.h">
      <Filter>Header Files</Filter>
    </ClInclude>
    <ClInclude Include="Slayer.h">
      <Filter>Header Files</Filter>
    </ClInclude>
    <ClInclude Include="Super.h">
      <Filter>Header Files</Filter>
    </ClInclude>
    <ClInclude Include="User.h">
      <Filter>Header Files</Filter>
    </ClInclude>
    <ClInclude Include="War.h">
      <Filter>Header Files</Filter>
    </ClInclude>
    <ClInclude Include="Zone.h">
      <Filter>Header Files</Filter>
    </ClInclude>
    <ClInclude Include="Powers.h">
      <Filter>Header Files</Filter>
    </ClInclude>
  </ItemGroup>
  <ItemGroup>
    <ClCompile Include="Action.cpp">
      <Filter>Source Files</Filter>
    </ClCompile>
    <ClCompile Include="Area.cpp">
      <Filter>Source Files</Filter>
    </ClCompile>
    <ClCompile Include="BattleBoosts.cpp">
      <Filter>Source Files</Filter>
    </ClCompile>
    <ClCompile Include="Boost.cpp">
      <Filter>Source Files</Filter>
    </ClCompile>
    <ClCompile Include="Dragon.cpp">
      <Filter>Source Files</Filter>
    </ClCompile>
    <ClCompile Include="Impact.cpp">
      <Filter>Source Files</Filter>
    </ClCompile>
    <ClCompile Include="Object.cpp">
      <Filter>Source Files</Filter>
    </ClCompile>
    <ClCompile Include="skillsMap.cpp">
      <Filter>Source Files</Filter>
    </ClCompile>
    <ClCompile Include="Slayer.cpp">
      <Filter>Source Files</Filter>
    </ClCompile>
    <ClCompile Include="Super.cpp">
      <Filter>Source Files</Filter>
    </ClCompile>
    <ClCompile Include="User.cpp">
      <Filter>Source Files</Filter>
    </ClCompile>
    <ClCompile Include="War.cpp">
      <Filter>Source Files</Filter>
    </ClCompile>
    <ClCompile Include="Zone.cpp">
      <Filter>Source Files</Filter>
    </ClCompile>
    <ClCompile Include="main.cpp">
      <Filter>Source Files</Filter>
    </ClCompile>
    <ClCompile Include="Powers.cpp">
      <Filter>Source Files</Filter>
    </ClCompile>
  </ItemGroup>
</Project>